// !$*UTF8*$!
{
	archiveVersion = 1;
	classes = {
	};
	objectVersion = 50;
	objects = {

/* Begin PBXBuildFile section */
		08B5DCCCCBDC0699CB5177DD /* Pods_ARLabTask.framework in Frameworks */ = {isa = PBXBuildFile; fileRef = 060A4DCAD87A76FFC1A94CF7 /* Pods_ARLabTask.framework */; };
		BC066B6E22467111004874EB /* GoogleService-Info.plist in Resources */ = {isa = PBXBuildFile; fileRef = BC066B6D22467111004874EB /* GoogleService-Info.plist */; };
		BC11E5EC2246A0D9003F9D19 /* UIImage+PixelBuffer.swift in Sources */ = {isa = PBXBuildFile; fileRef = BC11E5EB2246A0D9003F9D19 /* UIImage+PixelBuffer.swift */; };
		BC11E5EE2246A12F003F9D19 /* UIImage+Rotation.swift in Sources */ = {isa = PBXBuildFile; fileRef = BC11E5ED2246A12F003F9D19 /* UIImage+Rotation.swift */; };
		BC11E5F22246B1F9003F9D19 /* UIUtilities.swift in Sources */ = {isa = PBXBuildFile; fileRef = BC11E5F12246B1F9003F9D19 /* UIUtilities.swift */; };
		BC5BF32222465569000156A9 /* AppDelegate.swift in Sources */ = {isa = PBXBuildFile; fileRef = BC5BF32122465569000156A9 /* AppDelegate.swift */; };
		BC5BF32422465569000156A9 /* ViewController.swift in Sources */ = {isa = PBXBuildFile; fileRef = BC5BF32322465569000156A9 /* ViewController.swift */; };
		BC5BF32722465569000156A9 /* Main.storyboard in Resources */ = {isa = PBXBuildFile; fileRef = BC5BF32522465569000156A9 /* Main.storyboard */; };
		BC5BF3292246556B000156A9 /* Assets.xcassets in Resources */ = {isa = PBXBuildFile; fileRef = BC5BF3282246556B000156A9 /* Assets.xcassets */; };
		BC5BF32C2246556B000156A9 /* LaunchScreen.storyboard in Resources */ = {isa = PBXBuildFile; fileRef = BC5BF32A2246556B000156A9 /* LaunchScreen.storyboard */; };
/* End PBXBuildFile section */

/* Begin PBXFileReference section */
		060A4DCAD87A76FFC1A94CF7 /* Pods_ARLabTask.framework */ = {isa = PBXFileReference; explicitFileType = wrapper.framework; includeInIndex = 0; path = Pods_ARLabTask.framework; sourceTree = BUILT_PRODUCTS_DIR; };
		2F6E72FB6027EBB60FC9A46A /* Pods-ARLabTask.debug.xcconfig */ = {isa = PBXFileReference; includeInIndex = 1; lastKnownFileType = text.xcconfig; name = "Pods-ARLabTask.debug.xcconfig"; path = "Pods/Target Support Files/Pods-ARLabTask/Pods-ARLabTask.debug.xcconfig"; sourceTree = "<group>"; };
		BC066B6D22467111004874EB /* GoogleService-Info.plist */ = {isa = PBXFileReference; fileEncoding = 4; lastKnownFileType = text.plist.xml; path = "GoogleService-Info.plist"; sourceTree = "<group>"; };
		BC11E5EB2246A0D9003F9D19 /* UIImage+PixelBuffer.swift */ = {isa = PBXFileReference; lastKnownFileType = sourcecode.swift; path = "UIImage+PixelBuffer.swift"; sourceTree = "<group>"; };
		BC11E5ED2246A12F003F9D19 /* UIImage+Rotation.swift */ = {isa = PBXFileReference; lastKnownFileType = sourcecode.swift; path = "UIImage+Rotation.swift"; sourceTree = "<group>"; };
		BC11E5F12246B1F9003F9D19 /* UIUtilities.swift */ = {isa = PBXFileReference; lastKnownFileType = sourcecode.swift; path = UIUtilities.swift; sourceTree = "<group>"; };
		BC5BF31E22465569000156A9 /* ARLabTask.app */ = {isa = PBXFileReference; explicitFileType = wrapper.application; includeInIndex = 0; path = ARLabTask.app; sourceTree = BUILT_PRODUCTS_DIR; };
		BC5BF32122465569000156A9 /* AppDelegate.swift */ = {isa = PBXFileReference; lastKnownFileType = sourcecode.swift; path = AppDelegate.swift; sourceTree = "<group>"; };
		BC5BF32322465569000156A9 /* ViewController.swift */ = {isa = PBXFileReference; lastKnownFileType = sourcecode.swift; path = ViewController.swift; sourceTree = "<group>"; };
		BC5BF32622465569000156A9 /* Base */ = {isa = PBXFileReference; lastKnownFileType = file.storyboard; name = Base; path = Base.lproj/Main.storyboard; sourceTree = "<group>"; };
		BC5BF3282246556B000156A9 /* Assets.xcassets */ = {isa = PBXFileReference; lastKnownFileType = folder.assetcatalog; path = Assets.xcassets; sourceTree = "<group>"; };
		BC5BF32B2246556B000156A9 /* Base */ = {isa = PBXFileReference; lastKnownFileType = file.storyboard; name = Base; path = Base.lproj/LaunchScreen.storyboard; sourceTree = "<group>"; };
		BC5BF32D2246556B000156A9 /* Info.plist */ = {isa = PBXFileReference; lastKnownFileType = text.plist.xml; path = Info.plist; sourceTree = "<group>"; };
		C95F395F606B628D8749E748 /* Pods-ARLabTask.release.xcconfig */ = {isa = PBXFileReference; includeInIndex = 1; lastKnownFileType = text.xcconfig; name = "Pods-ARLabTask.release.xcconfig"; path = "Pods/Target Support Files/Pods-ARLabTask/Pods-ARLabTask.release.xcconfig"; sourceTree = "<group>"; };
/* End PBXFileReference section */

/* Begin PBXFrameworksBuildPhase section */
		BC5BF31B22465569000156A9 /* Frameworks */ = {
			isa = PBXFrameworksBuildPhase;
			buildActionMask = 2147483647;
			files = (
				08B5DCCCCBDC0699CB5177DD /* Pods_ARLabTask.framework in Frameworks */,
			);
			runOnlyForDeploymentPostprocessing = 0;
		};
/* End PBXFrameworksBuildPhase section */

/* Begin PBXGroup section */
		9B24DDC1CDD14AB8FA3D32DF /* Frameworks */ = {
			isa = PBXGroup;
			children = (
				060A4DCAD87A76FFC1A94CF7 /* Pods_ARLabTask.framework */,
			);
			name = Frameworks;
			sourceTree = "<group>";
		};
		A1ECAD7A8055E03A98D4E545 /* Pods */ = {
			isa = PBXGroup;
			children = (
				2F6E72FB6027EBB60FC9A46A /* Pods-ARLabTask.debug.xcconfig */,
				C95F395F606B628D8749E748 /* Pods-ARLabTask.release.xcconfig */,
			);
			name = Pods;
			sourceTree = "<group>";
		};
		BC5BF31522465569000156A9 = {
			isa = PBXGroup;
			children = (
				BC5BF32022465569000156A9 /* ARLabTask */,
				BC5BF31F22465569000156A9 /* Products */,
				A1ECAD7A8055E03A98D4E545 /* Pods */,
				9B24DDC1CDD14AB8FA3D32DF /* Frameworks */,
			);
			sourceTree = "<group>";
		};
		BC5BF31F22465569000156A9 /* Products */ = {
			isa = PBXGroup;
			children = (
				BC5BF31E22465569000156A9 /* ARLabTask.app */,
			);
			name = Products;
			sourceTree = "<group>";
		};
		BC5BF32022465569000156A9 /* ARLabTask */ = {
			isa = PBXGroup;
			children = (
				BC5BF32122465569000156A9 /* AppDelegate.swift */,
				BC5BF32322465569000156A9 /* ViewController.swift */,
				BC5BF32522465569000156A9 /* Main.storyboard */,
				BC5BF3282246556B000156A9 /* Assets.xcassets */,
				BC5BF32A2246556B000156A9 /* LaunchScreen.storyboard */,
				BC5BF32D2246556B000156A9 /* Info.plist */,
				BC066B6D22467111004874EB /* GoogleService-Info.plist */,
				BC11E5EB2246A0D9003F9D19 /* UIImage+PixelBuffer.swift */,
				BC11E5ED2246A12F003F9D19 /* UIImage+Rotation.swift */,
				BC11E5F12246B1F9003F9D19 /* UIUtilities.swift */,
			);
			path = ARLabTask;
			sourceTree = "<group>";
		};
/* End PBXGroup section */

/* Begin PBXNativeTarget section */
		BC5BF31D22465569000156A9 /* ARLabTask */ = {
			isa = PBXNativeTarget;
			buildConfigurationList = BC5BF3302246556B000156A9 /* Build configuration list for PBXNativeTarget "ARLabTask" */;
			buildPhases = (
				81F9CC1905C9CEA6BAD8E0D7 /* [CP] Check Pods Manifest.lock */,
				BC5BF31A22465569000156A9 /* Sources */,
				BC5BF31B22465569000156A9 /* Frameworks */,
				BC5BF31C22465569000156A9 /* Resources */,
				4C787EB6CF38AB31B5C89654 /* [CP] Embed Pods Frameworks */,
				AE02260AD7B40261EBFC940E /* [CP] Copy Pods Resources */,
			);
			buildRules = (
			);
			dependencies = (
			);
			name = ARLabTask;
			productName = ARLabTask;
			productReference = BC5BF31E22465569000156A9 /* ARLabTask.app */;
			productType = "com.apple.product-type.application";
		};
/* End PBXNativeTarget section */

/* Begin PBXProject section */
		BC5BF31622465569000156A9 /* Project object */ = {
			isa = PBXProject;
			attributes = {
				LastSwiftUpdateCheck = 1010;
				LastUpgradeCheck = 1010;
				ORGANIZATIONNAME = "Mountain Viewer";
				TargetAttributes = {
					BC5BF31D22465569000156A9 = {
						CreatedOnToolsVersion = 10.1;
					};
				};
			};
			buildConfigurationList = BC5BF31922465569000156A9 /* Build configuration list for PBXProject "ARLabTask" */;
			compatibilityVersion = "Xcode 9.3";
			developmentRegion = en;
			hasScannedForEncodings = 0;
			knownRegions = (
				en,
				Base,
			);
			mainGroup = BC5BF31522465569000156A9;
			productRefGroup = BC5BF31F22465569000156A9 /* Products */;
			projectDirPath = "";
			projectRoot = "";
			targets = (
				BC5BF31D22465569000156A9 /* ARLabTask */,
			);
		};
/* End PBXProject section */

/* Begin PBXResourcesBuildPhase section */
		BC5BF31C22465569000156A9 /* Resources */ = {
			isa = PBXResourcesBuildPhase;
			buildActionMask = 2147483647;
			files = (
				BC5BF32C2246556B000156A9 /* LaunchScreen.storyboard in Resources */,
				BC066B6E22467111004874EB /* GoogleService-Info.plist in Resources */,
				BC5BF3292246556B000156A9 /* Assets.xcassets in Resources */,
				BC5BF32722465569000156A9 /* Main.storyboard in Resources */,
			);
			runOnlyForDeploymentPostprocessing = 0;
		};
/* End PBXResourcesBuildPhase section */

/* Begin PBXShellScriptBuildPhase section */
		4C787EB6CF38AB31B5C89654 /* [CP] Embed Pods Frameworks */ = {
			isa = PBXShellScriptBuildPhase;
			buildActionMask = 2147483647;
			files = (
			);
			inputFileListPaths = (
			);
			inputPaths = (
				"${SRCROOT}/Pods/Target Support Files/Pods-ARLabTask/Pods-ARLabTask-frameworks.sh",
				"${BUILT_PRODUCTS_DIR}/GTMSessionFetcher/GTMSessionFetcher.framework",
				"${BUILT_PRODUCTS_DIR}/GoogleAPIClientForREST/GoogleAPIClientForREST.framework",
				"${BUILT_PRODUCTS_DIR}/GoogleToolboxForMac/GoogleToolboxForMac.framework",
				"${BUILT_PRODUCTS_DIR}/GoogleUtilities/GoogleUtilities.framework",
				"${BUILT_PRODUCTS_DIR}/Protobuf/Protobuf.framework",
				"${BUILT_PRODUCTS_DIR}/nanopb/nanopb.framework",
			);
			name = "[CP] Embed Pods Frameworks";
			outputFileListPaths = (
			);
			outputPaths = (
				"${TARGET_BUILD_DIR}/${FRAMEWORKS_FOLDER_PATH}/GTMSessionFetcher.framework",
				"${TARGET_BUILD_DIR}/${FRAMEWORKS_FOLDER_PATH}/GoogleAPIClientForREST.framework",
				"${TARGET_BUILD_DIR}/${FRAMEWORKS_FOLDER_PATH}/GoogleToolboxForMac.framework",
				"${TARGET_BUILD_DIR}/${FRAMEWORKS_FOLDER_PATH}/GoogleUtilities.framework",
				"${TARGET_BUILD_DIR}/${FRAMEWORKS_FOLDER_PATH}/Protobuf.framework",
				"${TARGET_BUILD_DIR}/${FRAMEWORKS_FOLDER_PATH}/nanopb.framework",
			);
			runOnlyForDeploymentPostprocessing = 0;
			shellPath = /bin/sh;
			shellScript = "\"${SRCROOT}/Pods/Target Support Files/Pods-ARLabTask/Pods-ARLabTask-frameworks.sh\"\n";
			showEnvVarsInLog = 0;
		};
		81F9CC1905C9CEA6BAD8E0D7 /* [CP] Check Pods Manifest.lock */ = {
			isa = PBXShellScriptBuildPhase;
			buildActionMask = 2147483647;
			files = (
			);
			inputFileListPaths = (
			);
			inputPaths = (
				"${PODS_PODFILE_DIR_PATH}/Podfile.lock",
				"${PODS_ROOT}/Manifest.lock",
			);
			name = "[CP] Check Pods Manifest.lock";
			outputFileListPaths = (
			);
			outputPaths = (
				"$(DERIVED_FILE_DIR)/Pods-ARLabTask-checkManifestLockResult.txt",
			);
			runOnlyForDeploymentPostprocessing = 0;
			shellPath = /bin/sh;
			shellScript = "diff \"${PODS_PODFILE_DIR_PATH}/Podfile.lock\" \"${PODS_ROOT}/Manifest.lock\" > /dev/null\nif [ $? != 0 ] ; then\n    # print error to STDERR\n    echo \"error: The sandbox is not in sync with the Podfile.lock. Run 'pod install' or update your CocoaPods installation.\" >&2\n    exit 1\nfi\n# This output is used by Xcode 'outputs' to avoid re-running this script phase.\necho \"SUCCESS\" > \"${SCRIPT_OUTPUT_FILE_0}\"\n";
			showEnvVarsInLog = 0;
		};
		AE02260AD7B40261EBFC940E /* [CP] Copy Pods Resources */ = {
			isa = PBXShellScriptBuildPhase;
			buildActionMask = 2147483647;
			files = (
			);
			inputFileListPaths = (
			);
			inputPaths = (
				"${SRCROOT}/Pods/Target Support Files/Pods-ARLabTask/Pods-ARLabTask-resources.sh",
				"${PODS_CONFIGURATION_BUILD_DIR}/GoogleMobileVision/GoogleMVTextDetectorResources.bundle",
			);
			name = "[CP] Copy Pods Resources";
			outputFileListPaths = (
			);
			outputPaths = (
				"${TARGET_BUILD_DIR}/${UNLOCALIZED_RESOURCES_FOLDER_PATH}/GoogleMVTextDetectorResources.bundle",
			);
			runOnlyForDeploymentPostprocessing = 0;
			shellPath = /bin/sh;
			shellScript = "\"${SRCROOT}/Pods/Target Support Files/Pods-ARLabTask/Pods-ARLabTask-resources.sh\"\n";
			showEnvVarsInLog = 0;
		};
/* End PBXShellScriptBuildPhase section */

/* Begin PBXSourcesBuildPhase section */
		BC5BF31A22465569000156A9 /* Sources */ = {
			isa = PBXSourcesBuildPhase;
			buildActionMask = 2147483647;
			files = (
				BC5BF32422465569000156A9 /* ViewController.swift in Sources */,
				BC11E5EE2246A12F003F9D19 /* UIImage+Rotation.swift in Sources */,
				BC5BF32222465569000156A9 /* AppDelegate.swift in Sources */,
				BC11E5EC2246A0D9003F9D19 /* UIImage+PixelBuffer.swift in Sources */,
				BC11E5F22246B1F9003F9D19 /* UIUtilities.swift in Sources */,
			);
			runOnlyForDeploymentPostprocessing = 0;
		};
/* End PBXSourcesBuildPhase section */

/* Begin PBXVariantGroup section */
		BC5BF32522465569000156A9 /* Main.storyboard */ = {
			isa = PBXVariantGroup;
			children = (
				BC5BF32622465569000156A9 /* Base */,
			);
			name = Main.storyboard;
			sourceTree = "<group>";
		};
		BC5BF32A2246556B000156A9 /* LaunchScreen.storyboard */ = {
			isa = PBXVariantGroup;
			children = (
				BC5BF32B2246556B000156A9 /* Base */,
			);
			name = LaunchScreen.storyboard;
			sourceTree = "<group>";
		};
/* End PBXVariantGroup section */

/* Begin XCBuildConfiguration section */
		BC5BF32E2246556B000156A9 /* Debug */ = {
			isa = XCBuildConfiguration;
			buildSettings = {
				ALWAYS_SEARCH_USER_PATHS = NO;
				CLANG_ANALYZER_NONNULL = YES;
				CLANG_ANALYZER_NUMBER_OBJECT_CONVERSION = YES_AGGRESSIVE;
				CLANG_CXX_LANGUAGE_STANDARD = "gnu++14";
				CLANG_CXX_LIBRARY = "libc++";
				CLANG_ENABLE_MODULES = YES;
				CLANG_ENABLE_OBJC_ARC = YES;
				CLANG_ENABLE_OBJC_WEAK = YES;
				CLANG_WARN_BLOCK_CAPTURE_AUTORELEASING = YES;
				CLANG_WARN_BOOL_CONVERSION = YES;
				CLANG_WARN_COMMA = YES;
				CLANG_WARN_CONSTANT_CONVERSION = YES;
				CLANG_WARN_DEPRECATED_OBJC_IMPLEMENTATIONS = YES;
				CLANG_WARN_DIRECT_OBJC_ISA_USAGE = YES_ERROR;
				CLANG_WARN_DOCUMENTATION_COMMENTS = YES;
				CLANG_WARN_EMPTY_BODY = YES;
				CLANG_WARN_ENUM_CONVERSION = YES;
				CLANG_WARN_INFINITE_RECURSION = YES;
				CLANG_WARN_INT_CONVERSION = YES;
				CLANG_WARN_NON_LITERAL_NULL_CONVERSION = YES;
				CLANG_WARN_OBJC_IMPLICIT_RETAIN_SELF = YES;
				CLANG_WARN_OBJC_LITERAL_CONVERSION = YES;
				CLANG_WARN_OBJC_ROOT_CLASS = YES_ERROR;
				CLANG_WARN_RANGE_LOOP_ANALYSIS = YES;
				CLANG_WARN_STRICT_PROTOTYPES = YES;
				CLANG_WARN_SUSPICIOUS_MOVE = YES;
				CLANG_WARN_UNGUARDED_AVAILABILITY = YES_AGGRESSIVE;
				CLANG_WARN_UNREACHABLE_CODE = YES;
				CLANG_WARN__DUPLICATE_METHOD_MATCH = YES;
				CODE_SIGN_IDENTITY = "iPhone Developer";
				COPY_PHASE_STRIP = NO;
				DEBUG_INFORMATION_FORMAT = dwarf;
				ENABLE_STRICT_OBJC_MSGSEND = YES;
				ENABLE_TESTABILITY = YES;
				GCC_C_LANGUAGE_STANDARD = gnu11;
				GCC_DYNAMIC_NO_PIC = NO;
				GCC_NO_COMMON_BLOCKS = YES;
				GCC_OPTIMIZATION_LEVEL = 0;
				GCC_PREPROCESSOR_DEFINITIONS = (
					"DEBUG=1",
					"$(inherited)",
				);
				GCC_WARN_64_TO_32_BIT_CONVERSION = YES;
				GCC_WARN_ABOUT_RETURN_TYPE = YES_ERROR;
				GCC_WARN_UNDECLARED_SELECTOR = YES;
				GCC_WARN_UNINITIALIZED_AUTOS = YES_AGGRESSIVE;
				GCC_WARN_UNUSED_FUNCTION = YES;
				GCC_WARN_UNUSED_VARIABLE = YES;
				IPHONEOS_DEPLOYMENT_TARGET = 12.1;
				MTL_ENABLE_DEBUG_INFO = INCLUDE_SOURCE;
				MTL_FAST_MATH = YES;
				ONLY_ACTIVE_ARCH = YES;
				SDKROOT = iphoneos;
				SWIFT_ACTIVE_COMPILATION_CONDITIONS = DEBUG;
				SWIFT_OPTIMIZATION_LEVEL = "-Onone";
			};
			name = Debug;
		};
		BC5BF32F2246556B000156A9 /* Release */ = {
			isa = XCBuildConfiguration;
			buildSettings = {
				ALWAYS_SEARCH_USER_PATHS = NO;
				CLANG_ANALYZER_NONNULL = YES;
				CLANG_ANALYZER_NUMBER_OBJECT_CONVERSION = YES_AGGRESSIVE;
				CLANG_CXX_LANGUAGE_STANDARD = "gnu++14";
				CLANG_CXX_LIBRARY = "libc++";
				CLANG_ENABLE_MODULES = YES;
				CLANG_ENABLE_OBJC_ARC = YES;
				CLANG_ENABLE_OBJC_WEAK = YES;
				CLANG_WARN_BLOCK_CAPTURE_AUTORELEASING = YES;
				CLANG_WARN_BOOL_CONVERSION = YES;
				CLANG_WARN_COMMA = YES;
				CLANG_WARN_CONSTANT_CONVERSION = YES;
				CLANG_WARN_DEPRECATED_OBJC_IMPLEMENTATIONS = YES;
				CLANG_WARN_DIRECT_OBJC_ISA_USAGE = YES_ERROR;
				CLANG_WARN_DOCUMENTATION_COMMENTS = YES;
				CLANG_WARN_EMPTY_BODY = YES;
				CLANG_WARN_ENUM_CONVERSION = YES;
				CLANG_WARN_INFINITE_RECURSION = YES;
				CLANG_WARN_INT_CONVERSION = YES;
				CLANG_WARN_NON_LITERAL_NULL_CONVERSION = YES;
				CLANG_WARN_OBJC_IMPLICIT_RETAIN_SELF = YES;
				CLANG_WARN_OBJC_LITERAL_CONVERSION = YES;
				CLANG_WARN_OBJC_ROOT_CLASS = YES_ERROR;
				CLANG_WARN_RANGE_LOOP_ANALYSIS = YES;
				CLANG_WARN_STRICT_PROTOTYPES = YES;
				CLANG_WARN_SUSPICIOUS_MOVE = YES;
				CLANG_WARN_UNGUARDED_AVAILABILITY = YES_AGGRESSIVE;
				CLANG_WARN_UNREACHABLE_CODE = YES;
				CLANG_WARN__DUPLICATE_METHOD_MATCH = YES;
				CODE_SIGN_IDENTITY = "iPhone Developer";
				COPY_PHASE_STRIP = NO;
				DEBUG_INFORMATION_FORMAT = "dwarf-with-dsym";
				ENABLE_NS_ASSERTIONS = NO;
				ENABLE_STRICT_OBJC_MSGSEND = YES;
				GCC_C_LANGUAGE_STANDARD = gnu11;
				GCC_NO_COMMON_BLOCKS = YES;
				GCC_WARN_64_TO_32_BIT_CONVERSION = YES;
				GCC_WARN_ABOUT_RETURN_TYPE = YES_ERROR;
				GCC_WARN_UNDECLARED_SELECTOR = YES;
				GCC_WARN_UNINITIALIZED_AUTOS = YES_AGGRESSIVE;
				GCC_WARN_UNUSED_FUNCTION = YES;
				GCC_WARN_UNUSED_VARIABLE = YES;
				IPHONEOS_DEPLOYMENT_TARGET = 12.1;
				MTL_ENABLE_DEBUG_INFO = NO;
				MTL_FAST_MATH = YES;
				SDKROOT = iphoneos;
				SWIFT_COMPILATION_MODE = wholemodule;
				SWIFT_OPTIMIZATION_LEVEL = "-O";
				VALIDATE_PRODUCT = YES;
			};
			name = Release;
		};
		BC5BF3312246556B000156A9 /* Debug */ = {
			isa = XCBuildConfiguration;
			baseConfigurationReference = 2F6E72FB6027EBB60FC9A46A /* Pods-ARLabTask.debug.xcconfig */;
			buildSettings = {
				ASSETCATALOG_COMPILER_APPICON_NAME = AppIcon;
				CODE_SIGN_STYLE = Automatic;
				DEVELOPMENT_TEAM = 7544MQP9KA;
				INFOPLIST_FILE = ARLabTask/Info.plist;
				LD_RUNPATH_SEARCH_PATHS = (
					"$(inherited)",
					"@executable_path/Frameworks",
				);
				PRODUCT_BUNDLE_IDENTIFIER = com.yar.ARLabTask;
				PRODUCT_NAME = "$(TARGET_NAME)";
				SWIFT_VERSION = 4.2;
				TARGETED_DEVICE_FAMILY = "1,2";
			};
			name = Debug;
		};
		BC5BF3322246556B000156A9 /* Release */ = {
			isa = XCBuildConfiguration;
			baseConfigurationReference = C95F395F606B628D8749E748 /* Pods-ARLabTask.release.xcconfig */;
			buildSettings = {
				ASSETCATALOG_COMPILER_APPICON_NAME = AppIcon;
				CODE_SIGN_STYLE = Automatic;
				DEVELOPMENT_TEAM = 7544MQP9KA;
				INFOPLIST_FILE = ARLabTask/Info.plist;
				LD_RUNPATH_SEARCH_PATHS = (
					"$(inherited)",
					"@executable_path/Frameworks",
				);
				PRODUCT_BUNDLE_IDENTIFIER = com.yar.ARLabTask;
				PRODUCT_NAME = "$(TARGET_NAME)";
				SWIFT_VERSION = 4.2;
				TARGETED_DEVICE_FAMILY = "1,2";
			};
			name = Release;
		};
/* End XCBuildConfiguration section */

/* Begin XCConfigurationList section */
		BC5BF31922465569000156A9 /* Build configuration list for PBXProject "ARLabTask" */ = {
			isa = XCConfigurationList;
			buildConfigurations = (
				BC5BF32E2246556B000156A9 /* Debug */,
				BC5BF32F2246556B000156A9 /* Release */,
			);
			defaultConfigurationIsVisible = 0;
			defaultConfigurationName = Release;
		};
		BC5BF3302246556B000156A9 /* Build configuration list for PBXNativeTarget "ARLabTask" */ = {
			isa = XCConfigurationList;
			buildConfigurations = (
				BC5BF3312246556B000156A9 /* Debug */,
				BC5BF3322246556B000156A9 /* Release */,
			);
			defaultConfigurationIsVisible = 0;
			defaultConfigurationName = Release;
		};
/* End XCConfigurationList section */
	};
	rootObject = BC5BF31622465569000156A9 /* Project object */;
}
